
Microsoft Visual Studio Solution File, Format Version 12.00
# Visual Studio Version 16
VisualStudioVersion = 16.0.30114.105
MinimumVisualStudioVersion = 10.0.40219.1
Project("{FAE04EC0-301F-11D3-BF4B-00C04F79EFBC}") = "MoogleServer", "MoogleServer\MoogleServer.csproj", "{8630EC0B-D076-40B2-B0D1-BF4324EC9991}"
EndProject
Project("{FAE04EC0-301F-11D3-BF4B-00C04F79EFBC}") = "MoogleEngine", "MoogleEngine\MoogleEngine.csproj", "{0A755D1B-0FDF-487A-BDBF-9B14DA68DE07}"
EndProject
Project("{FAE04EC0-301F-11D3-BF4B-00C04F79EFBC}") = "TextTreatment", "TextTreatment\TextTreatment.csproj", "{F491B509-A60C-4DCC-8C75-F8AE027F668C}"
EndProject
Project("{FAE04EC0-301F-11D3-BF4B-00C04F79EFBC}") = "SearchEngine", "SearchEngine\SearchEngine.csproj", "{EF555AA9-D613-4E8F-B5B5-83886693D379}"
EndProject
Project("{FAE04EC0-301F-11D3-BF4B-00C04F79EFBC}") = "AlgeTool", "AlgeTool\AlgeTool.csproj", "{173BA7E9-1B69-4E48-8477-BE31A89ED25A}"
EndProject
Global
	GlobalSection(SolutionProperties) = preSolution
		HideSolutionNode = FALSE
	EndGlobalSection
	GlobalSection(SolutionConfigurationPlatforms) = preSolution
		Debug|Any CPU = Debug|Any CPU
		Debug|x64 = Debug|x64
		Debug|x86 = Debug|x86
		Release|Any CPU = Release|Any CPU
		Release|x64 = Release|x64
		Release|x86 = Release|x86
	EndGlobalSection
	GlobalSection(ProjectConfigurationPlatforms) = postSolution
		{8630EC0B-D076-40B2-B0D1-BF4324EC9991}.Debug|Any CPU.ActiveCfg = Debug|Any CPU
		{8630EC0B-D076-40B2-B0D1-BF4324EC9991}.Debug|Any CPU.Build.0 = Debug|Any CPU
		{8630EC0B-D076-40B2-B0D1-BF4324EC9991}.Debug|x64.ActiveCfg = Debug|Any CPU
		{8630EC0B-D076-40B2-B0D1-BF4324EC9991}.Debug|x64.Build.0 = Debug|Any CPU
		{8630EC0B-D076-40B2-B0D1-BF4324EC9991}.Debug|x86.ActiveCfg = Debug|Any CPU
		{8630EC0B-D076-40B2-B0D1-BF4324EC9991}.Debug|x86.Build.0 = Debug|Any CPU
		{8630EC0B-D076-40B2-B0D1-BF4324EC9991}.Release|Any CPU.ActiveCfg = Release|Any CPU
		{8630EC0B-D076-40B2-B0D1-BF4324EC9991}.Release|Any CPU.Build.0 = Release|Any CPU
		{8630EC0B-D076-40B2-B0D1-BF4324EC9991}.Release|x64.ActiveCfg = Release|Any CPU
		{8630EC0B-D076-40B2-B0D1-BF4324EC9991}.Release|x64.Build.0 = Release|Any CPU
		{8630EC0B-D076-40B2-B0D1-BF4324EC9991}.Release|x86.ActiveCfg = Release|Any CPU
		{8630EC0B-D076-40B2-B0D1-BF4324EC9991}.Release|x86.Build.0 = Release|Any CPU
		{0A755D1B-0FDF-487A-BDBF-9B14DA68DE07}.Debug|Any CPU.ActiveCfg = Debug|Any CPU
		{0A755D1B-0FDF-487A-BDBF-9B14DA68DE07}.Debug|Any CPU.Build.0 = Debug|Any CPU
		{0A755D1B-0FDF-487A-BDBF-9B14DA68DE07}.Debug|x64.ActiveCfg = Debug|Any CPU
		{0A755D1B-0FDF-487A-BDBF-9B14DA68DE07}.Debug|x64.Build.0 = Debug|Any CPU
		{0A755D1B-0FDF-487A-BDBF-9B14DA68DE07}.Debug|x86.ActiveCfg = Debug|Any CPU
		{0A755D1B-0FDF-487A-BDBF-9B14DA68DE07}.Debug|x86.Build.0 = Debug|Any CPU
		{0A755D1B-0FDF-487A-BDBF-9B14DA68DE07}.Release|Any CPU.ActiveCfg = Release|Any CPU
		{0A755D1B-0FDF-487A-BDBF-9B14DA68DE07}.Release|Any CPU.Build.0 = Release|Any CPU
		{0A755D1B-0FDF-487A-BDBF-9B14DA68DE07}.Release|x64.ActiveCfg = Release|Any CPU
		{0A755D1B-0FDF-487A-BDBF-9B14DA68DE07}.Release|x64.Build.0 = Release|Any CPU
		{0A755D1B-0FDF-487A-BDBF-9B14DA68DE07}.Release|x86.ActiveCfg = Release|Any CPU
		{0A755D1B-0FDF-487A-BDBF-9B14DA68DE07}.Release|x86.Build.0 = Release|Any CPU
		{F491B509-A60C-4DCC-8C75-F8AE027F668C}.Debug|Any CPU.ActiveCfg = Debug|Any CPU
		{F491B509-A60C-4DCC-8C75-F8AE027F668C}.Debug|Any CPU.Build.0 = Debug|Any CPU
		{F491B509-A60C-4DCC-8C75-F8AE027F668C}.Debug|x64.ActiveCfg = Debug|Any CPU
		{F491B509-A60C-4DCC-8C75-F8AE027F668C}.Debug|x64.Build.0 = Debug|Any CPU
		{F491B509-A60C-4DCC-8C75-F8AE027F668C}.Debug|x86.ActiveCfg = Debug|Any CPU
		{F491B509-A60C-4DCC-8C75-F8AE027F668C}.Debug|x86.Build.0 = Debug|Any CPU
		{F491B509-A60C-4DCC-8C75-F8AE027F668C}.Release|Any CPU.ActiveCfg = Release|Any CPU
		{F491B509-A60C-4DCC-8C75-F8AE027F668C}.Release|Any CPU.Build.0 = Release|Any CPU
		{F491B509-A60C-4DCC-8C75-F8AE027F668C}.Release|x64.ActiveCfg = Release|Any CPU
		{F491B509-A60C-4DCC-8C75-F8AE027F668C}.Release|x64.Build.0 = Release|Any CPU
		{F491B509-A60C-4DCC-8C75-F8AE027F668C}.Release|x86.ActiveCfg = Release|Any CPU
		{F491B509-A60C-4DCC-8C75-F8AE027F668C}.Release|x86.Build.0 = Release|Any CPU
		{EF555AA9-D613-4E8F-B5B5-83886693D379}.Debug|Any CPU.ActiveCfg = Debug|Any CPU
		{EF555AA9-D613-4E8F-B5B5-83886693D379}.Debug|Any CPU.Build.0 = Debug|Any CPU
		{EF555AA9-D613-4E8F-B5B5-83886693D379}.Debug|x64.ActiveCfg = Debug|Any CPU
		{EF555AA9-D613-4E8F-B5B5-83886693D379}.Debug|x64.Build.0 = Debug|Any CPU
		{EF555AA9-D613-4E8F-B5B5-83886693D379}.Debug|x86.ActiveCfg = Debug|Any CPU
		{EF555AA9-D613-4E8F-B5B5-83886693D379}.Debug|x86.Build.0 = Debug|Any CPU
		{EF555AA9-D613-4E8F-B5B5-83886693D379}.Release|Any CPU.ActiveCfg = Release|Any CPU
		{EF555AA9-D613-4E8F-B5B5-83886693D379}.Release|Any CPU.Build.0 = Release|Any CPU
		{EF555AA9-D613-4E8F-B5B5-83886693D379}.Release|x64.ActiveCfg = Release|Any CPU
		{EF555AA9-D613-4E8F-B5B5-83886693D379}.Release|x64.Build.0 = Release|Any CPU
		{EF555AA9-D613-4E8F-B5B5-83886693D379}.Release|x86.ActiveCfg = Release|Any CPU
		{EF555AA9-D613-4E8F-B5B5-83886693D379}.Release|x86.Build.0 = Release|Any CPU
		{173BA7E9-1B69-4E48-8477-BE31A89ED25A}.Debug|Any CPU.ActiveCfg = Debug|Any CPU
		{173BA7E9-1B69-4E48-8477-BE31A89ED25A}.Debug|Any CPU.Build.0 = Debug|Any CPU
		{173BA7E9-1B69-4E48-8477-BE31A89ED25A}.Debug|x64.ActiveCfg = Debug|Any CPU
		{173BA7E9-1B69-4E48-8477-BE31A89ED25A}.Debug|x64.Build.0 = Debug|Any CPU
		{173BA7E9-1B69-4E48-8477-BE31A89ED25A}.Debug|x86.ActiveCfg = Debug|Any CPU
		{173BA7E9-1B69-4E48-8477-BE31A89ED25A}.Debug|x86.Build.0 = Debug|Any CPU
		{173BA7E9-1B69-4E48-8477-BE31A89ED25A}.Release|Any CPU.ActiveCfg = Release|Any CPU
		{173BA7E9-1B69-4E48-8477-BE31A89ED25A}.Release|Any CPU.Build.0 = Release|Any CPU
		{173BA7E9-1B69-4E48-8477-BE31A89ED25A}.Release|x64.ActiveCfg = Release|Any CPU
		{173BA7E9-1B69-4E48-8477-BE31A89ED25A}.Release|x64.Build.0 = Release|Any CPU
		{173BA7E9-1B69-4E48-8477-BE31A89ED25A}.Release|x86.ActiveCfg = Release|Any CPU
		{173BA7E9-1B69-4E48-8477-BE31A89ED25A}.Release|x86.Build.0 = Release|Any CPU
	EndGlobalSection
EndGlobal
